// !$*UTF8*$!
{
	archiveVersion = 1;
	classes = {
	};
	objectVersion = 48;
	objects = {

/* Begin PBXBuildFile section */
		89E07BCC20AE5F92007D40FD /* AppDelegate.m in Sources */ = {isa = PBXBuildFile; fileRef = 89E07BCB20AE5F92007D40FD /* AppDelegate.m */; };
		89E07BCF20AE5F92007D40FD /* ViewController.m in Sources */ = {isa = PBXBuildFile; fileRef = 89E07BCE20AE5F92007D40FD /* ViewController.m */; };
		89E07BD220AE5F92007D40FD /* Main.storyboard in Resources */ = {isa = PBXBuildFile; fileRef = 89E07BD020AE5F92007D40FD /* Main.storyboard */; };
		89E07BD420AE5F92007D40FD /* Assets.xcassets in Resources */ = {isa = PBXBuildFile; fileRef = 89E07BD320AE5F92007D40FD /* Assets.xcassets */; };
		89E07BD720AE5F92007D40FD /* LaunchScreen.storyboard in Resources */ = {isa = PBXBuildFile; fileRef = 89E07BD520AE5F92007D40FD /* LaunchScreen.storyboard */; };
		89E07BDA20AE5F92007D40FD /* main.m in Sources */ = {isa = PBXBuildFile; fileRef = 89E07BD920AE5F92007D40FD /* main.m */; };
/* End PBXBuildFile section */

/* Begin PBXFileReference section */
		89E07BC720AE5F92007D40FD /* ZJJShufflingFigure.app */ = {isa = PBXFileReference; explicitFileType = wrapper.application; includeInIndex = 0; path = ZJJShufflingFigure.app; sourceTree = BUILT_PRODUCTS_DIR; };
		89E07BCA20AE5F92007D40FD /* AppDelegate.h */ = {isa = PBXFileReference; lastKnownFileType = sourcecode.c.h; path = AppDelegate.h; sourceTree = "<group>"; };
		89E07BCB20AE5F92007D40FD /* AppDelegate.m */ = {isa = PBXFileReference; lastKnownFileType = sourcecode.c.objc; path = AppDelegate.m; sourceTree = "<group>"; };
		89E07BCD20AE5F92007D40FD /* ViewController.h */ = {isa = PBXFileReference; lastKnownFileType = sourcecode.c.h; path = ViewController.h; sourceTree = "<group>"; };
		89E07BCE20AE5F92007D40FD /* ViewController.m */ = {isa = PBXFileReference; lastKnownFileType = sourcecode.c.objc; path = ViewController.m; sourceTree = "<group>"; };
		89E07BD120AE5F92007D40FD /* Base */ = {isa = PBXFileReference; lastKnownFileType = file.storyboard; name = Base; path = Base.lproj/Main.storyboard; sourceTree = "<group>"; };
		89E07BD320AE5F92007D40FD /* Assets.xcassets */ = {isa = PBXFileReference; lastKnownFileType = folder.assetcatalog; path = Assets.xcassets; sourceTree = "<group>"; };
		89E07BD620AE5F92007D40FD /* Base */ = {isa = PBXFileReference; lastKnownFileType = file.storyboard; name = Base; path = Base.lproj/LaunchScreen.storyboard; sourceTree = "<group>"; };
		89E07BD820AE5F92007D40FD /* Info.plist */ = {isa = PBXFileReference; lastKnownFileType = text.plist.xml; path = Info.plist; sourceTree = "<group>"; };
		89E07BD920AE5F92007D40FD /* main.m */ = {isa = PBXFileReference; lastKnownFileType = sourcecode.c.objc; path = main.m; sourceTree = "<group>"; };
/* End PBXFileReference section */

/* Begin PBXFrameworksBuildPhase section */
		89E07BC420AE5F92007D40FD /* Frameworks */ = {
			isa = PBXFrameworksBuildPhase;
			buildActionMask = 2147483647;
			files = (
			);
			runOnlyForDeploymentPostprocessing = 0;
		};
/* End PBXFrameworksBuildPhase section */

/* Begin PBXGroup section */
		89E07BBE20AE5F92007D40FD = {
			isa = PBXGroup;
			children = (
				89E07BC920AE5F92007D40FD /* ZJJShufflingFigure */,
				89E07BC820AE5F92007D40FD /* Products */,
			);
			sourceTree = "<group>";
		};
		89E07BC820AE5F92007D40FD /* Products */ = {
			isa = PBXGroup;
			children = (
				89E07BC720AE5F92007D40FD /* ZJJShufflingFigure.app */,
			);
			name = Products;
			sourceTree = "<group>";
		};
		89E07BC920AE5F92007D40FD /* ZJJShufflingFigure */ = {
			isa = PBXGroup;
			children = (
				89E07BCA20AE5F92007D40FD /* AppDelegate.h */,
				89E07BCB20AE5F92007D40FD /* AppDelegate.m */,
				89E07BCD20AE5F92007D40FD /* ViewController.h */,
				89E07BCE20AE5F92007D40FD /* ViewController.m */,
				89E07BD020AE5F92007D40FD /* Main.storyboard */,
				89E07BD320AE5F92007D40FD /* Assets.xcassets */,
				89E07BD520AE5F92007D40FD /* LaunchScreen.storyboard */,
				89E07BD820AE5F92007D40FD /* Info.plist */,
				89E07BD920AE5F92007D40FD /* main.m */,
			);
			path = ZJJShufflingFigure;
			sourceTree = "<group>";
		};
/* End PBXGroup section */

/* Begin PBXNativeTarget section */
		89E07BC620AE5F92007D40FD /* ZJJShufflingFigure */ = {
			isa = PBXNativeTarget;
			buildConfigurationList = 89E07BDD20AE5F92007D40FD /* Build configuration list for PBXNativeTarget "ZJJShufflingFigure" */;
			buildPhases = (
				89E07BC320AE5F92007D40FD /* Sources */,
				89E07BC420AE5F92007D40FD /* Frameworks */,
				89E07BC520AE5F92007D40FD /* Resources */,
			);
			buildRules = (
			);
			dependencies = (
			);
			name = ZJJShufflingFigure;
			productName = ZJJShufflingFigure;
			productReference = 89E07BC720AE5F92007D40FD /* ZJJShufflingFigure.app */;
			productType = "com.apple.product-type.application";
		};
/* End PBXNativeTarget section */

/* Begin PBXProject section */
		89E07BBF20AE5F92007D40FD /* Project object */ = {
			isa = PBXProject;
			attributes = {
				LastUpgradeCheck = 0920;
				ORGANIZATIONNAME = xtayqria;
				TargetAttributes = {
					89E07BC620AE5F92007D40FD = {
						CreatedOnToolsVersion = 9.2;
						ProvisioningStyle = Automatic;
					};
				};
			};
			buildConfigurationList = 89E07BC220AE5F92007D40FD /* Build configuration list for PBXProject "ZJJShufflingFigure" */;
			compatibilityVersion = "Xcode 8.0";
			developmentRegion = en;
			hasScannedForEncodings = 0;
			knownRegions = (
				en,
				Base,
			);
			mainGroup = 89E07BBE20AE5F92007D40FD;
			productRefGroup = 89E07BC820AE5F92007D40FD /* Products */;
			projectDirPath = "";
			projectRoot = "";
			targets = (
				89E07BC620AE5F92007D40FD /* ZJJShufflingFigure */,
			);
		};
/* End PBXProject section */

/* Begin PBXResourcesBuildPhase section */
		89E07BC520AE5F92007D40FD /* Resources */ = {
			isa = PBXResourcesBuildPhase;
			buildActionMask = 2147483647;
			files = (
				89E07BD720AE5F92007D40FD /* LaunchScreen.storyboard in Resources */,
				89E07BD420AE5F92007D40FD /* Assets.xcassets in Resources */,
				89E07BD220AE5F92007D40FD /* Main.storyboard in Resources */,
			);
			runOnlyForDeploymentPostprocessing = 0;
		};
/* End PBXResourcesBuildPhase section */

/* Begin PBXSourcesBuildPhase section */
		89E07BC320AE5F92007D40FD /* Sources */ = {
			isa = PBXSourcesBuildPhase;
			buildActionMask = 2147483647;
			files = (
				89E07BCF20AE5F92007D40FD /* ViewController.m in Sources */,
				89E07BDA20AE5F92007D40FD /* main.m in Sources */,
				89E07BCC20AE5F92007D40FD /* AppDelegate.m in Sources */,
			);
			runOnlyForDeploymentPostprocessing = 0;
		};
/* End PBXSourcesBuildPhase section */

/* Begin PBXVariantGroup section */
		89E07BD020AE5F92007D40FD /* Main.storyboard */ = {
			isa = PBXVariantGroup;
			children = (
				89E07BD120AE5F92007D40FD /* Base */,
			);
			name = Main.storyboard;
			sourceTree = "<group>";
		};
		89E07BD520AE5F92007D40FD /* LaunchScreen.storyboard */ = {
			isa = PBXVariantGroup;
			children = (
				89E07BD620AE5F92007D40FD /* Base */,
			);
			name = LaunchScreen.storyboard;
			sourceTree = "<group>";
		};
/* End PBXVariantGroup section */

/* Begin XCBuildConfiguration section */
		89E07BDB20AE5F92007D40FD /* Debug */ = {
			isa = XCBuildConfiguration;
			buildSettings = {
				ALWAYS_SEARCH_USER_PATHS = NO;
				CLANG_ANALYZER_NONNULL = YES;
				CLANG_ANALYZER_NUMBER_OBJECT_CONVERSION = YES_AGGRESSIVE;
				CLANG_CXX_LANGUAGE_STANDARD = "gnu++14";
				CLANG_CXX_LIBRARY = "libc++";
				CLANG_ENABLE_MODULES = YES;
				CLANG_ENABLE_OBJC_ARC = YES;
				CLANG_WARN_BLOCK_CAPTURE_AUTORELEASING = YES;
				CLANG_WARN_BOOL_CONVERSION = YES;
				CLANG_WARN_COMMA = YES;
				CLANG_WARN_CONSTANT_CONVERSION = YES;
				CLANG_WARN_DIRECT_OBJC_ISA_USAGE = YES_ERROR;
				CLANG_WARN_DOCUMENTATION_COMMENTS = YES;
				CLANG_WARN_EMPTY_BODY = YES;
				CLANG_WARN_ENUM_CONVERSION = YES;
				CLANG_WARN_INFINITE_RECURSION = YES;
				CLANG_WARN_INT_CONVERSION = YES;
				CLANG_WARN_NON_LITERAL_NULL_CONVERSION = YES;
				CLANG_WARN_OBJC_LITERAL_CONVERSION = YES;
				CLANG_WARN_OBJC_ROOT_CLASS = YES_ERROR;
				CLANG_WARN_RANGE_LOOP_ANALYSIS = YES;
				CLANG_WARN_STRICT_PROTOTYPES = YES;
				CLANG_WARN_SUSPICIOUS_MOVE = YES;
				CLANG_WARN_UNGUARDED_AVAILABILITY = YES_AGGRESSIVE;
				CLANG_WARN_UNREACHABLE_CODE = YES;
				CLANG_WARN__DUPLICATE_METHOD_MATCH = YES;
				CODE_SIGN_IDENTITY = "iPhone Developer";
				COPY_PHASE_STRIP = NO;
				DEBUG_INFORMATION_FORMAT = dwarf;
				ENABLE_STRICT_OBJC_MSGSEND = YES;
				ENABLE_TESTABILITY = YES;
				GCC_C_LANGUAGE_STANDARD = gnu11;
				GCC_DYNAMIC_NO_PIC = NO;
				GCC_NO_COMMON_BLOCKS = YES;
				GCC_OPTIMIZATION_LEVEL = 0;
				GCC_PREPROCESSOR_DEFINITIONS = (
					"DEBUG=1",
					"$(inherited)",
				);
				GCC_WARN_64_TO_32_BIT_CONVERSION = YES;
				GCC_WARN_ABOUT_RETURN_TYPE = YES_ERROR;
				GCC_WARN_UNDECLARED_SELECTOR = YES;
				GCC_WARN_UNINITIALIZED_AUTOS = YES_AGGRESSIVE;
				GCC_WARN_UNUSED_FUNCTION = YES;
				GCC_WARN_UNUSED_VARIABLE = YES;
				IPHONEOS_DEPLOYMENT_TARGET = 11.2;
				MTL_ENABLE_DEBUG_INFO = YES;
				ONLY_ACTIVE_ARCH = YES;
				SDKROOT = iphoneos;
			};
			name = Debug;
		};
		89E07BDC20AE5F92007D40FD /* Release */ = {
			isa = XCBuildConfiguration;
			buildSettings = {
				ALWAYS_SEARCH_USER_PATHS = NO;
				CLANG_ANALYZER_NONNULL = YES;
				CLANG_ANALYZER_NUMBER_OBJECT_CONVERSION = YES_AGGRESSIVE;
				CLANG_CXX_LANGUAGE_STANDARD = "gnu++14";
				CLANG_CXX_LIBRARY = "libc++";
				CLANG_ENABLE_MODULES = YES;
				CLANG_ENABLE_OBJC_ARC = YES;
				CLANG_WARN_BLOCK_CAPTURE_AUTORELEASING = YES;
				CLANG_WARN_BOOL_CONVERSION = YES;
				CLANG_WARN_COMMA = YES;
				CLANG_WARN_CONSTANT_CONVERSION = YES;
				CLANG_WARN_DIRECT_OBJC_ISA_USAGE = YES_ERROR;
				CLANG_WARN_DOCUMENTATION_COMMENTS = YES;
				CLANG_WARN_EMPTY_BODY = YES;
				CLANG_WARN_ENUM_CONVERSION = YES;
				CLANG_WARN_INFINITE_RECURSION = YES;
				CLANG_WARN_INT_CONVERSION = YES;
				CLANG_WARN_NON_LITERAL_NULL_CONVERSION = YES;
				CLANG_WARN_OBJC_LITERAL_CONVERSION = YES;
				CLANG_WARN_OBJC_ROOT_CLASS = YES_ERROR;
				CLANG_WARN_RANGE_LOOP_ANALYSIS = YES;
				CLANG_WARN_STRICT_PROTOTYPES = YES;
				CLANG_WARN_SUSPICIOUS_MOVE = YES;
				CLANG_WARN_UNGUARDED_AVAILABILITY = YES_AGGRESSIVE;
				CLANG_WARN_UNREACHABLE_CODE = YES;
				CLANG_WARN__DUPLICATE_METHOD_MATCH = YES;
				CODE_SIGN_IDENTITY = "iPhone Developer";
				COPY_PHASE_STRIP = NO;
				DEBUG_INFORMATION_FORMAT = "dwarf-with-dsym";
				ENABLE_NS_ASSERTIONS = NO;
				ENABLE_STRICT_OBJC_MSGSEND = YES;
				GCC_C_LANGUAGE_STANDARD = gnu11;
				GCC_NO_COMMON_BLOCKS = YES;
				GCC_WARN_64_TO_32_BIT_CONVERSION = YES;
				GCC_WARN_ABOUT_RETURN_TYPE = YES_ERROR;
				GCC_WARN_UNDECLARED_SELECTOR = YES;
				GCC_WARN_UNINITIALIZED_AUTOS = YES_AGGRESSIVE;
				GCC_WARN_UNUSED_FUNCTION = YES;
				GCC_WARN_UNUSED_VARIABLE = YES;
				IPHONEOS_DEPLOYMENT_TARGET = 11.2;
				MTL_ENABLE_DEBUG_INFO = NO;
				SDKROOT = iphoneos;
				VALIDATE_PRODUCT = YES;
			};
			name = Release;
		};
		89E07BDE20AE5F92007D40FD /* Debug */ = {
			isa = XCBuildConfiguration;
			buildSettings = {
				ASSETCATALOG_COMPILER_APPICON_NAME = AppIcon;
				CODE_SIGN_STYLE = Automatic;
				DEVELOPMENT_TEAM = B77E2S42YJ;
				INFOPLIST_FILE = ZJJShufflingFigure/Info.plist;
				LD_RUNPATH_SEARCH_PATHS = "$(inherited) @executable_path/Frameworks";
				PRODUCT_BUNDLE_IDENTIFIER = cn.fengpu.ZJJShufflingFigure;
				PRODUCT_NAME = "$(TARGET_NAME)";
				TARGETED_DEVICE_FAMILY = "1,2";
			};
			name = Debug;
		};
		89E07BDF20AE5F92007D40FD /* Release */ = {
			isa = XCBuildConfiguration;
			buildSettings = {
				ASSETCATALOG_COMPILER_APPICON_NAME = AppIcon;
				CODE_SIGN_STYLE = Automatic;
				DEVELOPMENT_TEAM = B77E2S42YJ;
				INFOPLIST_FILE = ZJJShufflingFigure/Info.plist;
				LD_RUNPATH_SEARCH_PATHS = "$(inherited) @executable_path/Frameworks";
				PRODUCT_BUNDLE_IDENTIFIER = cn.fengpu.ZJJShufflingFigure;
				PRODUCT_NAME = "$(TARGET_NAME)";
				TARGETED_DEVICE_FAMILY = "1,2";
			};
			name = Release;
		};
/* End XCBuildConfiguration section */

/* Begin XCConfigurationList section */
		89E07BC220AE5F92007D40FD /* Build configuration list for PBXProject "ZJJShufflingFigure" */ = {
			isa = XCConfigurationList;
			buildConfigurations = (
				89E07BDB20AE5F92007D40FD /* Debug */,
				89E07BDC20AE5F92007D40FD /* Release */,
			);
			defaultConfigurationIsVisible = 0;
			defaultConfigurationName = Release;
		};
		89E07BDD20AE5F92007D40FD /* Build configuration list for PBXNativeTarget "ZJJShufflingFigure" */ = {
			isa = XCConfigurationList;
			buildConfigurations = (
				89E07BDE20AE5F92007D40FD /* Debug */,
				89E07BDF20AE5F92007D40FD /* Release */,
			);
			defaultConfigurationIsVisible = 0;
			defaultConfigurationName = Release;
		};
/* End XCConfigurationList section */
	};
	rootObject = 89E07BBF20AE5F92007D40FD /* Project object */;
}
